
Microsoft Visual Studio Solution File, Format Version 12.00
# Visual Studio Version 16
VisualStudioVersion = 16.0.30204.135
MinimumVisualStudioVersion = 10.0.40219.1
Project("{9A19103F-16F7-4668-BE54-9A1E7A4F7556}") = "ConsoleBasic", "ConsoleBasic\ConsoleBasic.csproj", "{C0AE6ECD-F175-4219-8DB3-D481E7C4C4A0}"
EndProject
Project("{FAE04EC0-301F-11D3-BF4B-00C04F79EFBC}") = "ConsoleAdvanced", "ConsoleAdvanced\ConsoleAdvanced.csproj", "{ADA4B367-E70C-4FCE-A3FE-E57C467754A9}"
EndProject
Global
	GlobalSection(SolutionConfigurationPlatforms) = preSolution
		Debug|Any CPU = Debug|Any CPU
		Release|Any CPU = Release|Any CPU
	EndGlobalSection
	GlobalSection(ProjectConfigurationPlatforms) = postSolution
		{C0AE6ECD-F175-4219-8DB3-D481E7C4C4A0}.Debug|Any CPU.ActiveCfg = Debug|Any CPU
		{C0AE6ECD-F175-4219-8DB3-D481E7C4C4A0}.Debug|Any CPU.Build.0 = Debug|Any CPU
		{C0AE6ECD-F175-4219-8DB3-D481E7C4C4A0}.Release|Any CPU.ActiveCfg = Release|Any CPU
		{C0AE6ECD-F175-4219-8DB3-D481E7C4C4A0}.Release|Any CPU.Build.0 = Release|Any CPU
		{ADA4B367-E70C-4FCE-A3FE-E57C467754A9}.Debug|Any CPU.ActiveCfg = Debug|Any CPU
		{ADA4B367-E70C-4FCE-A3FE-E57C467754A9}.Debug|Any CPU.Build.0 = Debug|Any CPU
		{ADA4B367-E70C-4FCE-A3FE-E57C467754A9}.Release|Any CPU.ActiveCfg = Release|Any CPU
		{ADA4B367-E70C-4FCE-A3FE-E57C467754A9}.Release|Any CPU.Build.0 = Release|Any CPU
	EndGlobalSection
	GlobalSection(SolutionProperties) = preSolution
		HideSolutionNode = FALSE
	EndGlobalSection
	GlobalSection(ExtensibilityGlobals) = postSolution
		SolutionGuid = {12337C06-2AF2-442C-92E2-C3A468C7C5C8}
	EndGlobalSection
EndGlobal
